
Microsoft Visual Studio Solution File, Format Version 12.00
# Visual Studio Version 17
VisualStudioVersion = 17.4.33205.214
MinimumVisualStudioVersion = 10.0.40219.1
Project("{9A19103F-16F7-4668-BE54-9A1E7A4F7556}") = "CMH_Lahore", "CMH_Lahore\CMH_Lahore.csproj", "{AF86DF5A-E773-41FF-B76E-292BE58309E2}"
EndProject
Global
	GlobalSection(SolutionConfigurationPlatforms) = preSolution
		Debug|Any CPU = Debug|Any CPU
		Release|Any CPU = Release|Any CPU
	EndGlobalSection
	GlobalSection(ProjectConfigurationPlatforms) = postSolution
		{AF86DF5A-E773-41FF-B76E-292BE58309E2}.Debug|Any CPU.ActiveCfg = Debug|Any CPU
		{AF86DF5A-E773-41FF-B76E-292BE58309E2}.Debug|Any CPU.Build.0 = Debug|Any CPU
		{AF86DF5A-E773-41FF-B76E-292BE58309E2}.Release|Any CPU.ActiveCfg = Release|Any CPU
		{AF86DF5A-E773-41FF-B76E-292BE58309E2}.Release|Any CPU.Build.0 = Release|Any CPU
	EndGlobalSection
	GlobalSection(SolutionProperties) = preSolution
		HideSolutionNode = FALSE
	EndGlobalSection
	GlobalSection(ExtensibilityGlobals) = postSolution
		SolutionGuid = {8DCE0AD4-92E7-4A0E-88DC-DFF407C74C9A}
	EndGlobalSection
EndGlobal
